{
  "requires": true,
  "lockfileVersion": 1,
  "dependencies": {
    "vue-scroll-lock": {
      "version": "0.0.6",
      "resolved": "https://registry.npmjs.org/vue-scroll-lock/-/vue-scroll-lock-0.0.6.tgz",
      "integrity": "sha512-Bhs7QUdeE7V/Foc3HF2hlUeZCk8EV+3TWR+GgnxU66r8oPNamuWKeY5z95MDcR4Lj09GQ+lvL90GkWOYwVSvgg=="
    }
  }
}
